// !$*UTF8*$!
{
	archiveVersion = 1;
	classes = {
	};
	objectVersion = 50;
	objects = {

/* Begin PBXBuildFile section */
		179F70F324F4D86C0089C771 /* AppDelegate.swift in Sources */ = {isa = PBXBuildFile; fileRef = 179F70F224F4D86C0089C771 /* AppDelegate.swift */; };
		179F70F524F4D86C0089C771 /* SceneDelegate.swift in Sources */ = {isa = PBXBuildFile; fileRef = 179F70F424F4D86C0089C771 /* SceneDelegate.swift */; };
		179F70F724F4D86C0089C771 /* ViewController.swift in Sources */ = {isa = PBXBuildFile; fileRef = 179F70F624F4D86C0089C771 /* ViewController.swift */; };
		179F70FA24F4D86C0089C771 /* Main.storyboard in Resources */ = {isa = PBXBuildFile; fileRef = 179F70F824F4D86C0089C771 /* Main.storyboard */; };
		179F70FC24F4D86C0089C771 /* Assets.xcassets in Resources */ = {isa = PBXBuildFile; fileRef = 179F70FB24F4D86C0089C771 /* Assets.xcassets */; };
		179F70FF24F4D86C0089C771 /* LaunchScreen.storyboard in Resources */ = {isa = PBXBuildFile; fileRef = 179F70FD24F4D86C0089C771 /* LaunchScreen.storyboard */; };
		179F710A24F4D86D0089C771 /* TipCalTests.swift in Sources */ = {isa = PBXBuildFile; fileRef = 179F710924F4D86D0089C771 /* TipCalTests.swift */; };
		179F711524F4D86D0089C771 /* TipCalUITests.swift in Sources */ = {isa = PBXBuildFile; fileRef = 179F711424F4D86D0089C771 /* TipCalUITests.swift */; };
/* End PBXBuildFile section */

/* Begin PBXContainerItemProxy section */
		179F710624F4D86D0089C771 /* PBXContainerItemProxy */ = {
			isa = PBXContainerItemProxy;
			containerPortal = 179F70E724F4D86C0089C771 /* Project object */;
			proxyType = 1;
			remoteGlobalIDString = 179F70EE24F4D86C0089C771;
			remoteInfo = TipCal;
		};
		179F711124F4D86D0089C771 /* PBXContainerItemProxy */ = {
			isa = PBXContainerItemProxy;
			containerPortal = 179F70E724F4D86C0089C771 /* Project object */;
			proxyType = 1;
			remoteGlobalIDString = 179F70EE24F4D86C0089C771;
			remoteInfo = TipCal;
		};
/* End PBXContainerItemProxy section */

/* Begin PBXFileReference section */
		179F70EF24F4D86C0089C771 /* TipCal.app */ = {isa = PBXFileReference; explicitFileType = wrapper.application; includeInIndex = 0; path = TipCal.app; sourceTree = BUILT_PRODUCTS_DIR; };
		179F70F224F4D86C0089C771 /* AppDelegate.swift */ = {isa = PBXFileReference; lastKnownFileType = sourcecode.swift; path = AppDelegate.swift; sourceTree = "<group>"; };
		179F70F424F4D86C0089C771 /* SceneDelegate.swift */ = {isa = PBXFileReference; lastKnownFileType = sourcecode.swift; path = SceneDelegate.swift; sourceTree = "<group>"; };
		179F70F624F4D86C0089C771 /* ViewController.swift */ = {isa = PBXFileReference; lastKnownFileType = sourcecode.swift; path = ViewController.swift; sourceTree = "<group>"; };
		179F70F924F4D86C0089C771 /* Base */ = {isa = PBXFileReference; lastKnownFileType = file.storyboard; name = Base; path = Base.lproj/Main.storyboard; sourceTree = "<group>"; };
		179F70FB24F4D86C0089C771 /* Assets.xcassets */ = {isa = PBXFileReference; lastKnownFileType = folder.assetcatalog; path = Assets.xcassets; sourceTree = "<group>"; };
		179F70FE24F4D86C0089C771 /* Base */ = {isa = PBXFileReference; lastKnownFileType = file.storyboard; name = Base; path = Base.lproj/LaunchScreen.storyboard; sourceTree = "<group>"; };
		179F710024F4D86C0089C771 /* Info.plist */ = {isa = PBXFileReference; lastKnownFileType = text.plist.xml; path = Info.plist; sourceTree = "<group>"; };
		179F710524F4D86D0089C771 /* TipCalTests.xctest */ = {isa = PBXFileReference; explicitFileType = wrapper.cfbundle; includeInIndex = 0; path = TipCalTests.xctest; sourceTree = BUILT_PRODUCTS_DIR; };
		179F710924F4D86D0089C771 /* TipCalTests.swift */ = {isa = PBXFileReference; lastKnownFileType = sourcecode.swift; path = TipCalTests.swift; sourceTree = "<group>"; };
		179F710B24F4D86D0089C771 /* Info.plist */ = {isa = PBXFileReference; lastKnownFileType = text.plist.xml; path = Info.plist; sourceTree = "<group>"; };
		179F711024F4D86D0089C771 /* TipCalUITests.xctest */ = {isa = PBXFileReference; explicitFileType = wrapper.cfbundle; includeInIndex = 0; path = TipCalUITests.xctest; sourceTree = BUILT_PRODUCTS_DIR; };
		179F711424F4D86D0089C771 /* TipCalUITests.swift */ = {isa = PBXFileReference; lastKnownFileType = sourcecode.swift; path = TipCalUITests.swift; sourceTree = "<group>"; };
		179F711624F4D86D0089C771 /* Info.plist */ = {isa = PBXFileReference; lastKnownFileType = text.plist.xml; path = Info.plist; sourceTree = "<group>"; };
/* End PBXFileReference section */

/* Begin PBXFrameworksBuildPhase section */
		179F70EC24F4D86C0089C771 /* Frameworks */ = {
			isa = PBXFrameworksBuildPhase;
			buildActionMask = 2147483647;
			files = (
			);
			runOnlyForDeploymentPostprocessing = 0;
		};
		179F710224F4D86D0089C771 /* Frameworks */ = {
			isa = PBXFrameworksBuildPhase;
			buildActionMask = 2147483647;
			files = (
			);
			runOnlyForDeploymentPostprocessing = 0;
		};
		179F710D24F4D86D0089C771 /* Frameworks */ = {
			isa = PBXFrameworksBuildPhase;
			buildActionMask = 2147483647;
			files = (
			);
			runOnlyForDeploymentPostprocessing = 0;
		};
/* End PBXFrameworksBuildPhase section */

/* Begin PBXGroup section */
		179F70E624F4D86C0089C771 = {
			isa = PBXGroup;
			children = (
				179F70F124F4D86C0089C771 /* TipCal */,
				179F710824F4D86D0089C771 /* TipCalTests */,
				179F711324F4D86D0089C771 /* TipCalUITests */,
				179F70F024F4D86C0089C771 /* Products */,
			);
			sourceTree = "<group>";
		};
		179F70F024F4D86C0089C771 /* Products */ = {
			isa = PBXGroup;
			children = (
				179F70EF24F4D86C0089C771 /* TipCal.app */,
				179F710524F4D86D0089C771 /* TipCalTests.xctest */,
				179F711024F4D86D0089C771 /* TipCalUITests.xctest */,
			);
			name = Products;
			sourceTree = "<group>";
		};
		179F70F124F4D86C0089C771 /* TipCal */ = {
			isa = PBXGroup;
			children = (
				179F70F224F4D86C0089C771 /* AppDelegate.swift */,
				179F70F424F4D86C0089C771 /* SceneDelegate.swift */,
				179F70F624F4D86C0089C771 /* ViewController.swift */,
				179F70F824F4D86C0089C771 /* Main.storyboard */,
				179F70FB24F4D86C0089C771 /* Assets.xcassets */,
				179F70FD24F4D86C0089C771 /* LaunchScreen.storyboard */,
				179F710024F4D86C0089C771 /* Info.plist */,
			);
			path = TipCal;
			sourceTree = "<group>";
		};
		179F710824F4D86D0089C771 /* TipCalTests */ = {
			isa = PBXGroup;
			children = (
				179F710924F4D86D0089C771 /* TipCalTests.swift */,
				179F710B24F4D86D0089C771 /* Info.plist */,
			);
			path = TipCalTests;
			sourceTree = "<group>";
		};
		179F711324F4D86D0089C771 /* TipCalUITests */ = {
			isa = PBXGroup;
			children = (
				179F711424F4D86D0089C771 /* TipCalUITests.swift */,
				179F711624F4D86D0089C771 /* Info.plist */,
			);
			path = TipCalUITests;
			sourceTree = "<group>";
		};
/* End PBXGroup section */

/* Begin PBXNativeTarget section */
		179F70EE24F4D86C0089C771 /* TipCal */ = {
			isa = PBXNativeTarget;
			buildConfigurationList = 179F711924F4D86D0089C771 /* Build configuration list for PBXNativeTarget "TipCal" */;
			buildPhases = (
				179F70EB24F4D86C0089C771 /* Sources */,
				179F70EC24F4D86C0089C771 /* Frameworks */,
				179F70ED24F4D86C0089C771 /* Resources */,
			);
			buildRules = (
			);
			dependencies = (
			);
			name = TipCal;
			productName = TipCal;
			productReference = 179F70EF24F4D86C0089C771 /* TipCal.app */;
			productType = "com.apple.product-type.application";
		};
		179F710424F4D86D0089C771 /* TipCalTests */ = {
			isa = PBXNativeTarget;
			buildConfigurationList = 179F711C24F4D86D0089C771 /* Build configuration list for PBXNativeTarget "TipCalTests" */;
			buildPhases = (
				179F710124F4D86D0089C771 /* Sources */,
				179F710224F4D86D0089C771 /* Frameworks */,
				179F710324F4D86D0089C771 /* Resources */,
			);
			buildRules = (
			);
			dependencies = (
				179F710724F4D86D0089C771 /* PBXTargetDependency */,
			);
			name = TipCalTests;
			productName = TipCalTests;
			productReference = 179F710524F4D86D0089C771 /* TipCalTests.xctest */;
			productType = "com.apple.product-type.bundle.unit-test";
		};
		179F710F24F4D86D0089C771 /* TipCalUITests */ = {
			isa = PBXNativeTarget;
			buildConfigurationList = 179F711F24F4D86D0089C771 /* Build configuration list for PBXNativeTarget "TipCalUITests" */;
			buildPhases = (
				179F710C24F4D86D0089C771 /* Sources */,
				179F710D24F4D86D0089C771 /* Frameworks */,
				179F710E24F4D86D0089C771 /* Resources */,
			);
			buildRules = (
			);
			dependencies = (
				179F711224F4D86D0089C771 /* PBXTargetDependency */,
			);
			name = TipCalUITests;
			productName = TipCalUITests;
			productReference = 179F711024F4D86D0089C771 /* TipCalUITests.xctest */;
			productType = "com.apple.product-type.bundle.ui-testing";
		};
/* End PBXNativeTarget section */

/* Begin PBXProject section */
		179F70E724F4D86C0089C771 /* Project object */ = {
			isa = PBXProject;
			attributes = {
				LastSwiftUpdateCheck = 1160;
				LastUpgradeCheck = 1160;
				ORGANIZATIONNAME = X;
				TargetAttributes = {
					179F70EE24F4D86C0089C771 = {
						CreatedOnToolsVersion = 11.6;
					};
					179F710424F4D86D0089C771 = {
						CreatedOnToolsVersion = 11.6;
						TestTargetID = 179F70EE24F4D86C0089C771;
					};
					179F710F24F4D86D0089C771 = {
						CreatedOnToolsVersion = 11.6;
						TestTargetID = 179F70EE24F4D86C0089C771;
					};
				};
			};
			buildConfigurationList = 179F70EA24F4D86C0089C771 /* Build configuration list for PBXProject "TipCal" */;
			compatibilityVersion = "Xcode 9.3";
			developmentRegion = en;
			hasScannedForEncodings = 0;
			knownRegions = (
				en,
				Base,
			);
			mainGroup = 179F70E624F4D86C0089C771;
			productRefGroup = 179F70F024F4D86C0089C771 /* Products */;
			projectDirPath = "";
			projectRoot = "";
			targets = (
				179F70EE24F4D86C0089C771 /* TipCal */,
				179F710424F4D86D0089C771 /* TipCalTests */,
				179F710F24F4D86D0089C771 /* TipCalUITests */,
			);
		};
/* End PBXProject section */

/* Begin PBXResourcesBuildPhase section */
		179F70ED24F4D86C0089C771 /* Resources */ = {
			isa = PBXResourcesBuildPhase;
			buildActionMask = 2147483647;
			files = (
				179F70FF24F4D86C0089C771 /* LaunchScreen.storyboard in Resources */,
				179F70FC24F4D86C0089C771 /* Assets.xcassets in Resources */,
				179F70FA24F4D86C0089C771 /* Main.storyboard in Resources */,
			);
			runOnlyForDeploymentPostprocessing = 0;
		};
		179F710324F4D86D0089C771 /* Resources */ = {
			isa = PBXResourcesBuildPhase;
			buildActionMask = 2147483647;
			files = (
			);
			runOnlyForDeploymentPostprocessing = 0;
		};
		179F710E24F4D86D0089C771 /* Resources */ = {
			isa = PBXResourcesBuildPhase;
			buildActionMask = 2147483647;
			files = (
			);
			runOnlyForDeploymentPostprocessing = 0;
		};
/* End PBXResourcesBuildPhase section */

/* Begin PBXSourcesBuildPhase section */
		179F70EB24F4D86C0089C771 /* Sources */ = {
			isa = PBXSourcesBuildPhase;
			buildActionMask = 2147483647;
			files = (
				179F70F724F4D86C0089C771 /* ViewController.swift in Sources */,
				179F70F324F4D86C0089C771 /* AppDelegate.swift in Sources */,
				179F70F524F4D86C0089C771 /* SceneDelegate.swift in Sources */,
			);
			runOnlyForDeploymentPostprocessing = 0;
		};
		179F710124F4D86D0089C771 /* Sources */ = {
			isa = PBXSourcesBuildPhase;
			buildActionMask = 2147483647;
			files = (
				179F710A24F4D86D0089C771 /* TipCalTests.swift in Sources */,
			);
			runOnlyForDeploymentPostprocessing = 0;
		};
		179F710C24F4D86D0089C771 /* Sources */ = {
			isa = PBXSourcesBuildPhase;
			buildActionMask = 2147483647;
			files = (
				179F711524F4D86D0089C771 /* TipCalUITests.swift in Sources */,
			);
			runOnlyForDeploymentPostprocessing = 0;
		};
/* End PBXSourcesBuildPhase section */

/* Begin PBXTargetDependency section */
		179F710724F4D86D0089C771 /* PBXTargetDependency */ = {
			isa = PBXTargetDependency;
			target = 179F70EE24F4D86C0089C771 /* TipCal */;
			targetProxy = 179F710624F4D86D0089C771 /* PBXContainerItemProxy */;
		};
		179F711224F4D86D0089C771 /* PBXTargetDependency */ = {
			isa = PBXTargetDependency;
			target = 179F70EE24F4D86C0089C771 /* TipCal */;
			targetProxy = 179F711124F4D86D0089C771 /* PBXContainerItemProxy */;
		};
/* End PBXTargetDependency section */

/* Begin PBXVariantGroup section */
		179F70F824F4D86C0089C771 /* Main.storyboard */ = {
			isa = PBXVariantGroup;
			children = (
				179F70F924F4D86C0089C771 /* Base */,
			);
			name = Main.storyboard;
			sourceTree = "<group>";
		};
		179F70FD24F4D86C0089C771 /* LaunchScreen.storyboard */ = {
			isa = PBXVariantGroup;
			children = (
				179F70FE24F4D86C0089C771 /* Base */,
			);
			name = LaunchScreen.storyboard;
			sourceTree = "<group>";
		};
/* End PBXVariantGroup section */

/* Begin XCBuildConfiguration section */
		179F711724F4D86D0089C771 /* Debug */ = {
			isa = XCBuildConfiguration;
			buildSettings = {
				ALWAYS_SEARCH_USER_PATHS = NO;
				CLANG_ANALYZER_NONNULL = YES;
				CLANG_ANALYZER_NUMBER_OBJECT_CONVERSION = YES_AGGRESSIVE;
				CLANG_CXX_LANGUAGE_STANDARD = "gnu++14";
				CLANG_CXX_LIBRARY = "libc++";
				CLANG_ENABLE_MODULES = YES;
				CLANG_ENABLE_OBJC_ARC = YES;
				CLANG_ENABLE_OBJC_WEAK = YES;
				CLANG_WARN_BLOCK_CAPTURE_AUTORELEASING = YES;
				CLANG_WARN_BOOL_CONVERSION = YES;
				CLANG_WARN_COMMA = YES;
				CLANG_WARN_CONSTANT_CONVERSION = YES;
				CLANG_WARN_DEPRECATED_OBJC_IMPLEMENTATIONS = YES;
				CLANG_WARN_DIRECT_OBJC_ISA_USAGE = YES_ERROR;
				CLANG_WARN_DOCUMENTATION_COMMENTS = YES;
				CLANG_WARN_EMPTY_BODY = YES;
				CLANG_WARN_ENUM_CONVERSION = YES;
				CLANG_WARN_INFINITE_RECURSION = YES;
				CLANG_WARN_INT_CONVERSION = YES;
				CLANG_WARN_NON_LITERAL_NULL_CONVERSION = YES;
				CLANG_WARN_OBJC_IMPLICIT_RETAIN_SELF = YES;
				CLANG_WARN_OBJC_LITERAL_CONVERSION = YES;
				CLANG_WARN_OBJC_ROOT_CLASS = YES_ERROR;
				CLANG_WARN_RANGE_LOOP_ANALYSIS = YES;
				CLANG_WARN_STRICT_PROTOTYPES = YES;
				CLANG_WARN_SUSPICIOUS_MOVE = YES;
				CLANG_WARN_UNGUARDED_AVAILABILITY = YES_AGGRESSIVE;
				CLANG_WARN_UNREACHABLE_CODE = YES;
				CLANG_WARN__DUPLICATE_METHOD_MATCH = YES;
				COPY_PHASE_STRIP = NO;
				DEBUG_INFORMATION_FORMAT = dwarf;
				ENABLE_STRICT_OBJC_MSGSEND = YES;
				ENABLE_TESTABILITY = YES;
				GCC_C_LANGUAGE_STANDARD = gnu11;
				GCC_DYNAMIC_NO_PIC = NO;
				GCC_NO_COMMON_BLOCKS = YES;
				GCC_OPTIMIZATION_LEVEL = 0;
				GCC_PREPROCESSOR_DEFINITIONS = (
					"DEBUG=1",
					"$(inherited)",
				);
				GCC_WARN_64_TO_32_BIT_CONVERSION = YES;
				GCC_WARN_ABOUT_RETURN_TYPE = YES_ERROR;
				GCC_WARN_UNDECLARED_SELECTOR = YES;
				GCC_WARN_UNINITIALIZED_AUTOS = YES_AGGRESSIVE;
				GCC_WARN_UNUSED_FUNCTION = YES;
				GCC_WARN_UNUSED_VARIABLE = YES;
				IPHONEOS_DEPLOYMENT_TARGET = 13.6;
				MTL_ENABLE_DEBUG_INFO = INCLUDE_SOURCE;
				MTL_FAST_MATH = YES;
				ONLY_ACTIVE_ARCH = YES;
				SDKROOT = iphoneos;
				SWIFT_ACTIVE_COMPILATION_CONDITIONS = DEBUG;
				SWIFT_OPTIMIZATION_LEVEL = "-Onone";
			};
			name = Debug;
		};
		179F711824F4D86D0089C771 /* Release */ = {
			isa = XCBuildConfiguration;
			buildSettings = {
				ALWAYS_SEARCH_USER_PATHS = NO;
				CLANG_ANALYZER_NONNULL = YES;
				CLANG_ANALYZER_NUMBER_OBJECT_CONVERSION = YES_AGGRESSIVE;
				CLANG_CXX_LANGUAGE_STANDARD = "gnu++14";
				CLANG_CXX_LIBRARY = "libc++";
				CLANG_ENABLE_MODULES = YES;
				CLANG_ENABLE_OBJC_ARC = YES;
				CLANG_ENABLE_OBJC_WEAK = YES;
				CLANG_WARN_BLOCK_CAPTURE_AUTORELEASING = YES;
				CLANG_WARN_BOOL_CONVERSION = YES;
				CLANG_WARN_COMMA = YES;
				CLANG_WARN_CONSTANT_CONVERSION = YES;
				CLANG_WARN_DEPRECATED_OBJC_IMPLEMENTATIONS = YES;
				CLANG_WARN_DIRECT_OBJC_ISA_USAGE = YES_ERROR;
				CLANG_WARN_DOCUMENTATION_COMMENTS = YES;
				CLANG_WARN_EMPTY_BODY = YES;
				CLANG_WARN_ENUM_CONVERSION = YES;
				CLANG_WARN_INFINITE_RECURSION = YES;
				CLANG_WARN_INT_CONVERSION = YES;
				CLANG_WARN_NON_LITERAL_NULL_CONVERSION = YES;
				CLANG_WARN_OBJC_IMPLICIT_RETAIN_SELF = YES;
				CLANG_WARN_OBJC_LITERAL_CONVERSION = YES;
				CLANG_WARN_OBJC_ROOT_CLASS = YES_ERROR;
				CLANG_WARN_RANGE_LOOP_ANALYSIS = YES;
				CLANG_WARN_STRICT_PROTOTYPES = YES;
				CLANG_WARN_SUSPICIOUS_MOVE = YES;
				CLANG_WARN_UNGUARDED_AVAILABILITY = YES_AGGRESSIVE;
				CLANG_WARN_UNREACHABLE_CODE = YES;
				CLANG_WARN__DUPLICATE_METHOD_MATCH = YES;
				COPY_PHASE_STRIP = NO;
				DEBUG_INFORMATION_FORMAT = "dwarf-with-dsym";
				ENABLE_NS_ASSERTIONS = NO;
				ENABLE_STRICT_OBJC_MSGSEND = YES;
				GCC_C_LANGUAGE_STANDARD = gnu11;
				GCC_NO_COMMON_BLOCKS = YES;
				GCC_WARN_64_TO_32_BIT_CONVERSION = YES;
				GCC_WARN_ABOUT_RETURN_TYPE = YES_ERROR;
				GCC_WARN_UNDECLARED_SELECTOR = YES;
				GCC_WARN_UNINITIALIZED_AUTOS = YES_AGGRESSIVE;
				GCC_WARN_UNUSED_FUNCTION = YES;
				GCC_WARN_UNUSED_VARIABLE = YES;
				IPHONEOS_DEPLOYMENT_TARGET = 13.6;
				MTL_ENABLE_DEBUG_INFO = NO;
				MTL_FAST_MATH = YES;
				SDKROOT = iphoneos;
				SWIFT_COMPILATION_MODE = wholemodule;
				SWIFT_OPTIMIZATION_LEVEL = "-O";
				VALIDATE_PRODUCT = YES;
			};
			name = Release;
		};
		179F711A24F4D86D0089C771 /* Debug */ = {
			isa = XCBuildConfiguration;
			buildSettings = {
				ASSETCATALOG_COMPILER_APPICON_NAME = AppIcon;
				CODE_SIGN_STYLE = Automatic;
				INFOPLIST_FILE = TipCal/Info.plist;
				LD_RUNPATH_SEARCH_PATHS = (
					"$(inherited)",
					"@executable_path/Frameworks",
				);
				PRODUCT_BUNDLE_IDENTIFIER = NARCOTIC.TipCal;
				PRODUCT_NAME = "$(TARGET_NAME)";
				SWIFT_VERSION = 5.0;
				TARGETED_DEVICE_FAMILY = "1,2";
			};
			name = Debug;
		};
		179F711B24F4D86D0089C771 /* Release */ = {
			isa = XCBuildConfiguration;
			buildSettings = {
				ASSETCATALOG_COMPILER_APPICON_NAME = AppIcon;
				CODE_SIGN_STYLE = Automatic;
				INFOPLIST_FILE = TipCal/Info.plist;
				LD_RUNPATH_SEARCH_PATHS = (
					"$(inherited)",
					"@executable_path/Frameworks",
				);
				PRODUCT_BUNDLE_IDENTIFIER = NARCOTIC.TipCal;
				PRODUCT_NAME = "$(TARGET_NAME)";
				SWIFT_VERSION = 5.0;
				TARGETED_DEVICE_FAMILY = "1,2";
			};
			name = Release;
		};
		179F711D24F4D86D0089C771 /* Debug */ = {
			isa = XCBuildConfiguration;
			buildSettings = {
				ALWAYS_EMBED_SWIFT_STANDARD_LIBRARIES = YES;
				BUNDLE_LOADER = "$(TEST_HOST)";
				CODE_SIGN_STYLE = Automatic;
				INFOPLIST_FILE = TipCalTests/Info.plist;
				IPHONEOS_DEPLOYMENT_TARGET = 13.6;
				LD_RUNPATH_SEARCH_PATHS = (
					"$(inherited)",
					"@executable_path/Frameworks",
					"@loader_path/Frameworks",
				);
				PRODUCT_BUNDLE_IDENTIFIER = NARCOTIC.TipCalTests;
				PRODUCT_NAME = "$(TARGET_NAME)";
				SWIFT_VERSION = 5.0;
				TARGETED_DEVICE_FAMILY = "1,2";
				TEST_HOST = "$(BUILT_PRODUCTS_DIR)/TipCal.app/TipCal";
			};
			name = Debug;
		};
		179F711E24F4D86D0089C771 /* Release */ = {
			isa = XCBuildConfiguration;
			buildSettings = {
				ALWAYS_EMBED_SWIFT_STANDARD_LIBRARIES = YES;
				BUNDLE_LOADER = "$(TEST_HOST)";
				CODE_SIGN_STYLE = Automatic;
				INFOPLIST_FILE = TipCalTests/Info.plist;
				IPHONEOS_DEPLOYMENT_TARGET = 13.6;
				LD_RUNPATH_SEARCH_PATHS = (
					"$(inherited)",
					"@executable_path/Frameworks",
					"@loader_path/Frameworks",
				);
				PRODUCT_BUNDLE_IDENTIFIER = NARCOTIC.TipCalTests;
				PRODUCT_NAME = "$(TARGET_NAME)";
				SWIFT_VERSION = 5.0;
				TARGETED_DEVICE_FAMILY = "1,2";
				TEST_HOST = "$(BUILT_PRODUCTS_DIR)/TipCal.app/TipCal";
			};
			name = Release;
		};
		179F712024F4D86D0089C771 /* Debug */ = {
			isa = XCBuildConfiguration;
			buildSettings = {
				ALWAYS_EMBED_SWIFT_STANDARD_LIBRARIES = YES;
				CODE_SIGN_STYLE = Automatic;
				INFOPLIST_FILE = TipCalUITests/Info.plist;
				LD_RUNPATH_SEARCH_PATHS = (
					"$(inherited)",
					"@executable_path/Frameworks",
					"@loader_path/Frameworks",
				);
				PRODUCT_BUNDLE_IDENTIFIER = NARCOTIC.TipCalUITests;
				PRODUCT_NAME = "$(TARGET_NAME)";
				SWIFT_VERSION = 5.0;
				TARGETED_DEVICE_FAMILY = "1,2";
				TEST_TARGET_NAME = TipCal;
			};
			name = Debug;
		};
		179F712124F4D86D0089C771 /* Release */ = {
			isa = XCBuildConfiguration;
			buildSettings = {
				ALWAYS_EMBED_SWIFT_STANDARD_LIBRARIES = YES;
				CODE_SIGN_STYLE = Automatic;
				INFOPLIST_FILE = TipCalUITests/Info.plist;
				LD_RUNPATH_SEARCH_PATHS = (
					"$(inherited)",
					"@executable_path/Frameworks",
					"@loader_path/Frameworks",
				);
				PRODUCT_BUNDLE_IDENTIFIER = NARCOTIC.TipCalUITests;
				PRODUCT_NAME = "$(TARGET_NAME)";
				SWIFT_VERSION = 5.0;
				TARGETED_DEVICE_FAMILY = "1,2";
				TEST_TARGET_NAME = TipCal;
			};
			name = Release;
		};
/* End XCBuildConfiguration section */

/* Begin XCConfigurationList section */
		179F70EA24F4D86C0089C771 /* Build configuration list for PBXProject "TipCal" */ = {
			isa = XCConfigurationList;
			buildConfigurations = (
				179F711724F4D86D0089C771 /* Debug */,
				179F711824F4D86D0089C771 /* Release */,
			);
			defaultConfigurationIsVisible = 0;
			defaultConfigurationName = Release;
		};
		179F711924F4D86D0089C771 /* Build configuration list for PBXNativeTarget "TipCal" */ = {
			isa = XCConfigurationList;
			buildConfigurations = (
				179F711A24F4D86D0089C771 /* Debug */,
				179F711B24F4D86D0089C771 /* Release */,
			);
			defaultConfigurationIsVisible = 0;
			defaultConfigurationName = Release;
		};
		179F711C24F4D86D0089C771 /* Build configuration list for PBXNativeTarget "TipCalTests" */ = {
			isa = XCConfigurationList;
			buildConfigurations = (
				179F711D24F4D86D0089C771 /* Debug */,
				179F711E24F4D86D0089C771 /* Release */,
			);
			defaultConfigurationIsVisible = 0;
			defaultConfigurationName = Release;
		};
		179F711F24F4D86D0089C771 /* Build configuration list for PBXNativeTarget "TipCalUITests" */ = {
			isa = XCConfigurationList;
			buildConfigurations = (
				179F712024F4D86D0089C771 /* Debug */,
				179F712124F4D86D0089C771 /* Release */,
			);
			defaultConfigurationIsVisible = 0;
			defaultConfigurationName = Release;
		};
/* End XCConfigurationList section */
	};
	rootObject = 179F70E724F4D86C0089C771 /* Project object */;
}
